
Microsoft Visual Studio Solution File, Format Version 12.00
# Visual Studio Version 16
VisualStudioVersion = 16.0.28922.388
MinimumVisualStudioVersion = 10.0.40219.1
Project("{8BC9CEB8-8B4A-11D0-8D11-00A0C91BC942}") = "Project_Bubble_sorting", "Project_Bubble_sorting.vcxproj", "{E8766E0C-2F41-429B-A17F-57341C9F2BA4}"
EndProject
Global
	GlobalSection(SolutionConfigurationPlatforms) = preSolution
		Debug|x64 = Debug|x64
		Debug|x86 = Debug|x86
		Release|x64 = Release|x64
		Release|x86 = Release|x86
	EndGlobalSection
	GlobalSection(ProjectConfigurationPlatforms) = postSolution
		{E8766E0C-2F41-429B-A17F-57341C9F2BA4}.Debug|x64.ActiveCfg = Debug|x64
		{E8766E0C-2F41-429B-A17F-57341C9F2BA4}.Debug|x64.Build.0 = Debug|x64
		{E8766E0C-2F41-429B-A17F-57341C9F2BA4}.Debug|x86.ActiveCfg = Debug|Win32
		{E8766E0C-2F41-429B-A17F-57341C9F2BA4}.Debug|x86.Build.0 = Debug|Win32
		{E8766E0C-2F41-429B-A17F-57341C9F2BA4}.Release|x64.ActiveCfg = Release|x64
		{E8766E0C-2F41-429B-A17F-57341C9F2BA4}.Release|x64.Build.0 = Release|x64
		{E8766E0C-2F41-429B-A17F-57341C9F2BA4}.Release|x86.ActiveCfg = Release|Win32
		{E8766E0C-2F41-429B-A17F-57341C9F2BA4}.Release|x86.Build.0 = Release|Win32
	EndGlobalSection
	GlobalSection(SolutionProperties) = preSolution
		HideSolutionNode = FALSE
	EndGlobalSection
	GlobalSection(ExtensibilityGlobals) = postSolution
		SolutionGuid = {79A3B4BD-C2FD-43EF-BD04-0BEEC55493B7}
	EndGlobalSection
EndGlobal
